
Microsoft Visual Studio Solution File, Format Version 12.00
# Visual Studio Version 17
VisualStudioVersion = 17.3.32825.248
MinimumVisualStudioVersion = 10.0.40219.1
Project("{8BC9CEB8-8B4A-11D0-8D11-00A0C91BC942}") = "GameJam10days", "GameJam10days.vcxproj", "{30314D4B-5F1B-44EE-9DDD-3F6955DB6D65}"
EndProject
Global
	GlobalSection(SolutionConfigurationPlatforms) = preSolution
		Debug|x64 = Debug|x64
		Debug|x86 = Debug|x86
		Release|x64 = Release|x64
		Release|x86 = Release|x86
	EndGlobalSection
	GlobalSection(ProjectConfigurationPlatforms) = postSolution
		{30314D4B-5F1B-44EE-9DDD-3F6955DB6D65}.Debug|x64.ActiveCfg = Debug|x64
		{30314D4B-5F1B-44EE-9DDD-3F6955DB6D65}.Debug|x64.Build.0 = Debug|x64
		{30314D4B-5F1B-44EE-9DDD-3F6955DB6D65}.Debug|x86.ActiveCfg = Debug|Win32
		{30314D4B-5F1B-44EE-9DDD-3F6955DB6D65}.Debug|x86.Build.0 = Debug|Win32
		{30314D4B-5F1B-44EE-9DDD-3F6955DB6D65}.Release|x64.ActiveCfg = Release|x64
		{30314D4B-5F1B-44EE-9DDD-3F6955DB6D65}.Release|x64.Build.0 = Release|x64
		{30314D4B-5F1B-44EE-9DDD-3F6955DB6D65}.Release|x86.ActiveCfg = Release|Win32
		{30314D4B-5F1B-44EE-9DDD-3F6955DB6D65}.Release|x86.Build.0 = Release|Win32
	EndGlobalSection
	GlobalSection(SolutionProperties) = preSolution
		HideSolutionNode = FALSE
	EndGlobalSection
	GlobalSection(ExtensibilityGlobals) = postSolution
		SolutionGuid = {B8043D9E-EAC9-493F-8B77-3EF4DA34816B}
	EndGlobalSection
EndGlobal
